Microsoft Visual Studio Solution File, Format Version 12.00
# Visual Studio Version 17
VisualStudioVersion = 17.5.2.0
MinimumVisualStudioVersion = 10.0.40219.1
Project("{FAE04EC0-301F-11D3-BF4B-00C04F79EFBC}") = "CS_DemoStructuredExceptionHandling", "CS_DemoStructuredExceptionHandling.csproj", "{5C21F60C-F64C-9682-0138-44593C5CBCF5}"
EndProject
Global
	GlobalSection(SolutionConfigurationPlatforms) = preSolution
		Debug|Any CPU = Debug|Any CPU
		Release|Any CPU = Release|Any CPU
	EndGlobalSection
	GlobalSection(ProjectConfigurationPlatforms) = postSolution
		{5C21F60C-F64C-9682-0138-44593C5CBCF5}.Debug|Any CPU.ActiveCfg = Debug|Any CPU
		{5C21F60C-F64C-9682-0138-44593C5CBCF5}.Debug|Any CPU.Build.0 = Debug|Any CPU
		{5C21F60C-F64C-9682-0138-44593C5CBCF5}.Release|Any CPU.ActiveCfg = Release|Any CPU
		{5C21F60C-F64C-9682-0138-44593C5CBCF5}.Release|Any CPU.Build.0 = Release|Any CPU
	EndGlobalSection
	GlobalSection(SolutionProperties) = preSolution
		HideSolutionNode = FALSE
	EndGlobalSection
	GlobalSection(ExtensibilityGlobals) = postSolution
		SolutionGuid = {D5D9B0DB-431D-4D62-83E5-14A9816F5524}
	EndGlobalSection
EndGlobal
