Microsoft Visual Studio Solution File, Format Version 12.00
# Visual Studio Version 17
VisualStudioVersion = 17.5.2.0
MinimumVisualStudioVersion = 10.0.40219.1
Project("{FAE04EC0-301F-11D3-BF4B-00C04F79EFBC}") = "CS_DemoHelloWorld", "CS_DemoHelloWorld.csproj", "{673B9B71-53B1-C898-60F2-47949E0A5200}"
EndProject
Global
	GlobalSection(SolutionConfigurationPlatforms) = preSolution
		Debug|Any CPU = Debug|Any CPU
		Release|Any CPU = Release|Any CPU
	EndGlobalSection
	GlobalSection(ProjectConfigurationPlatforms) = postSolution
		{673B9B71-53B1-C898-60F2-47949E0A5200}.Debug|Any CPU.ActiveCfg = Debug|Any CPU
		{673B9B71-53B1-C898-60F2-47949E0A5200}.Debug|Any CPU.Build.0 = Debug|Any CPU
		{673B9B71-53B1-C898-60F2-47949E0A5200}.Release|Any CPU.ActiveCfg = Release|Any CPU
		{673B9B71-53B1-C898-60F2-47949E0A5200}.Release|Any CPU.Build.0 = Release|Any CPU
	EndGlobalSection
	GlobalSection(SolutionProperties) = preSolution
		HideSolutionNode = FALSE
	EndGlobalSection
	GlobalSection(ExtensibilityGlobals) = postSolution
		SolutionGuid = {EF7E960D-D561-4572-B9FD-85CB9933AB9A}
	EndGlobalSection
EndGlobal
